// !$*UTF8*$!
{
	archiveVersion = 1;
	classes = {
	};
	objectVersion = 51;
	objects = {

/* Begin PBXBuildFile section */
		72A38C2FF248EF1834CD3728 /* Pods_Friendly.framework in Frameworks */ = {isa = PBXBuildFile; fileRef = AE218DA14172391AEDB0DCED /* Pods_Friendly.framework */; };
		73209BA22599F07A00149CCC /* SignupController.swift in Sources */ = {isa = PBXBuildFile; fileRef = 73209BA12599F07A00149CCC /* SignupController.swift */; };
		73209BA62599F22B00149CCC /* UIColor+.swift in Sources */ = {isa = PBXBuildFile; fileRef = 73209BA52599F22B00149CCC /* UIColor+.swift */; };
		73209BAE2599FDC500149CCC /* GoogleService-Info.plist in Resources */ = {isa = PBXBuildFile; fileRef = 73209BAD2599FDC400149CCC /* GoogleService-Info.plist */; };
		73216ED7259AF544009F59F9 /* LoginController.swift in Sources */ = {isa = PBXBuildFile; fileRef = 73216ED6259AF544009F59F9 /* LoginController.swift */; };
		733F64222599B61F00804A0A /* AppDelegate.swift in Sources */ = {isa = PBXBuildFile; fileRef = 733F64212599B61F00804A0A /* AppDelegate.swift */; };
		733F64242599B61F00804A0A /* SceneDelegate.swift in Sources */ = {isa = PBXBuildFile; fileRef = 733F64232599B61F00804A0A /* SceneDelegate.swift */; };
		733F642B2599B62200804A0A /* Assets.xcassets in Resources */ = {isa = PBXBuildFile; fileRef = 733F642A2599B62200804A0A /* Assets.xcassets */; };
		733F642E2599B62200804A0A /* LaunchScreen.storyboard in Resources */ = {isa = PBXBuildFile; fileRef = 733F642C2599B62200804A0A /* LaunchScreen.storyboard */; };
		733F643A2599B99600804A0A /* DetailViewController.swift in Sources */ = {isa = PBXBuildFile; fileRef = 733F64392599B99600804A0A /* DetailViewController.swift */; };
		733F643D2599B9CD00804A0A /* UIView+.swift in Sources */ = {isa = PBXBuildFile; fileRef = 733F643C2599B9CD00804A0A /* UIView+.swift */; };
		733F64412599BB7400804A0A /* MasterViewController.swift in Sources */ = {isa = PBXBuildFile; fileRef = 733F64402599BB7400804A0A /* MasterViewController.swift */; };
		7385AEBB259B2F18002E4413 /* ContactCell.swift in Sources */ = {isa = PBXBuildFile; fileRef = 7385AEBA259B2F18002E4413 /* ContactCell.swift */; };
		7385AEBE259B38A6002E4413 /* RemoteImageView.swift in Sources */ = {isa = PBXBuildFile; fileRef = 7385AEBD259B38A6002E4413 /* RemoteImageView.swift */; };
		73953C30259AFE1900850DB1 /* MyFirebaseCredentials.swift in Sources */ = {isa = PBXBuildFile; fileRef = 73953C2F259AFE1900850DB1 /* MyFirebaseCredentials.swift */; };
		73953C33259B0AD600850DB1 /* NewContactController.swift in Sources */ = {isa = PBXBuildFile; fileRef = 73953C32259B0AD600850DB1 /* NewContactController.swift */; };
		73953C37259B143300850DB1 /* UIViewController+.swift in Sources */ = {isa = PBXBuildFile; fileRef = 73953C36259B143300850DB1 /* UIViewController+.swift */; };
		73953C3A259B172700850DB1 /* Contact.swift in Sources */ = {isa = PBXBuildFile; fileRef = 73953C39259B172700850DB1 /* Contact.swift */; };
		73AC7383259B587F00F1E2DA /* Database+.swift in Sources */ = {isa = PBXBuildFile; fileRef = 73AC7382259B587F00F1E2DA /* Database+.swift */; };
/* End PBXBuildFile section */

/* Begin PBXFileReference section */
		73209BA12599F07A00149CCC /* SignupController.swift */ = {isa = PBXFileReference; lastKnownFileType = sourcecode.swift; path = SignupController.swift; sourceTree = "<group>"; };
		73209BA52599F22B00149CCC /* UIColor+.swift */ = {isa = PBXFileReference; lastKnownFileType = sourcecode.swift; path = "UIColor+.swift"; sourceTree = "<group>"; };
		73209BAD2599FDC400149CCC /* GoogleService-Info.plist */ = {isa = PBXFileReference; fileEncoding = 4; lastKnownFileType = text.plist.xml; path = "GoogleService-Info.plist"; sourceTree = "<group>"; };
		73216ED6259AF544009F59F9 /* LoginController.swift */ = {isa = PBXFileReference; lastKnownFileType = sourcecode.swift; path = LoginController.swift; sourceTree = "<group>"; };
		733F641E2599B61F00804A0A /* Friendly.app */ = {isa = PBXFileReference; explicitFileType = wrapper.application; includeInIndex = 0; path = Friendly.app; sourceTree = BUILT_PRODUCTS_DIR; };
		733F64212599B61F00804A0A /* AppDelegate.swift */ = {isa = PBXFileReference; lastKnownFileType = sourcecode.swift; path = AppDelegate.swift; sourceTree = "<group>"; };
		733F64232599B61F00804A0A /* SceneDelegate.swift */ = {isa = PBXFileReference; lastKnownFileType = sourcecode.swift; path = SceneDelegate.swift; sourceTree = "<group>"; };
		733F642A2599B62200804A0A /* Assets.xcassets */ = {isa = PBXFileReference; lastKnownFileType = folder.assetcatalog; path = Assets.xcassets; sourceTree = "<group>"; };
		733F642D2599B62200804A0A /* Base */ = {isa = PBXFileReference; lastKnownFileType = file.storyboard; name = Base; path = Base.lproj/LaunchScreen.storyboard; sourceTree = "<group>"; };
		733F642F2599B62200804A0A /* Info.plist */ = {isa = PBXFileReference; lastKnownFileType = text.plist.xml; path = Info.plist; sourceTree = "<group>"; };
		733F64392599B99600804A0A /* DetailViewController.swift */ = {isa = PBXFileReference; lastKnownFileType = sourcecode.swift; path = DetailViewController.swift; sourceTree = "<group>"; };
		733F643C2599B9CD00804A0A /* UIView+.swift */ = {isa = PBXFileReference; lastKnownFileType = sourcecode.swift; path = "UIView+.swift"; sourceTree = "<group>"; };
		733F64402599BB7400804A0A /* MasterViewController.swift */ = {isa = PBXFileReference; lastKnownFileType = sourcecode.swift; path = MasterViewController.swift; sourceTree = "<group>"; };
		7385AEBA259B2F18002E4413 /* ContactCell.swift */ = {isa = PBXFileReference; lastKnownFileType = sourcecode.swift; path = ContactCell.swift; sourceTree = "<group>"; };
		7385AEBD259B38A6002E4413 /* RemoteImageView.swift */ = {isa = PBXFileReference; lastKnownFileType = sourcecode.swift; path = RemoteImageView.swift; sourceTree = "<group>"; };
		73953C2F259AFE1900850DB1 /* MyFirebaseCredentials.swift */ = {isa = PBXFileReference; lastKnownFileType = sourcecode.swift; path = MyFirebaseCredentials.swift; sourceTree = "<group>"; };
		73953C32259B0AD600850DB1 /* NewContactController.swift */ = {isa = PBXFileReference; lastKnownFileType = sourcecode.swift; name = NewContactController.swift; path = Friendly/NewContactController.swift; sourceTree = SOURCE_ROOT; };
		73953C36259B143300850DB1 /* UIViewController+.swift */ = {isa = PBXFileReference; lastKnownFileType = sourcecode.swift; path = "UIViewController+.swift"; sourceTree = "<group>"; };
		73953C39259B172700850DB1 /* Contact.swift */ = {isa = PBXFileReference; lastKnownFileType = sourcecode.swift; path = Contact.swift; sourceTree = "<group>"; };
		73AC7382259B587F00F1E2DA /* Database+.swift */ = {isa = PBXFileReference; lastKnownFileType = sourcecode.swift; path = "Database+.swift"; sourceTree = "<group>"; };
		9005BE5F0A0460F092CA9B82 /* Pods-Friendly.debug.xcconfig */ = {isa = PBXFileReference; includeInIndex = 1; lastKnownFileType = text.xcconfig; name = "Pods-Friendly.debug.xcconfig"; path = "Target Support Files/Pods-Friendly/Pods-Friendly.debug.xcconfig"; sourceTree = "<group>"; };
		AE218DA14172391AEDB0DCED /* Pods_Friendly.framework */ = {isa = PBXFileReference; explicitFileType = wrapper.framework; includeInIndex = 0; path = Pods_Friendly.framework; sourceTree = BUILT_PRODUCTS_DIR; };
		D91ED8A95421C671D2248B35 /* Pods-Friendly.release.xcconfig */ = {isa = PBXFileReference; includeInIndex = 1; lastKnownFileType = text.xcconfig; name = "Pods-Friendly.release.xcconfig"; path = "Target Support Files/Pods-Friendly/Pods-Friendly.release.xcconfig"; sourceTree = "<group>"; };
/* End PBXFileReference section */

/* Begin PBXFrameworksBuildPhase section */
		733F641B2599B61F00804A0A /* Frameworks */ = {
			isa = PBXFrameworksBuildPhase;
			buildActionMask = 2147483647;
			files = (
				72A38C2FF248EF1834CD3728 /* Pods_Friendly.framework in Frameworks */,
			);
			runOnlyForDeploymentPostprocessing = 0;
		};
/* End PBXFrameworksBuildPhase section */

/* Begin PBXGroup section */
		73209BA82599FB1A00149CCC /* Extensions */ = {
			isa = PBXGroup;
			children = (
				733F643C2599B9CD00804A0A /* UIView+.swift */,
				73209BA52599F22B00149CCC /* UIColor+.swift */,
				73953C36259B143300850DB1 /* UIViewController+.swift */,
			);
			path = Extensions;
			sourceTree = "<group>";
		};
		73209BA92599FB3400149CCC /* App */ = {
			isa = PBXGroup;
			children = (
				733F64212599B61F00804A0A /* AppDelegate.swift */,
				733F64232599B61F00804A0A /* SceneDelegate.swift */,
			);
			path = App;
			sourceTree = "<group>";
		};
		73209BAB2599FB4000149CCC /* Master-Detail */ = {
			isa = PBXGroup;
			children = (
				733F64402599BB7400804A0A /* MasterViewController.swift */,
				7385AEBA259B2F18002E4413 /* ContactCell.swift */,
				733F64392599B99600804A0A /* DetailViewController.swift */,
			);
			path = "Master-Detail";
			sourceTree = "<group>";
		};
		73216ED9259AF549009F59F9 /* User Auth */ = {
			isa = PBXGroup;
			children = (
				73209BA12599F07A00149CCC /* SignupController.swift */,
				73216ED6259AF544009F59F9 /* LoginController.swift */,
			);
			path = "User Auth";
			sourceTree = "<group>";
		};
		733F64152599B61F00804A0A = {
			isa = PBXGroup;
			children = (
				733F64202599B61F00804A0A /* Friendly */,
				733F641F2599B61F00804A0A /* Products */,
				DE97D32AFBEB239B8081FF75 /* Pods */,
				9D224A669585129490341BFF /* Frameworks */,
			);
			sourceTree = "<group>";
		};
		733F641F2599B61F00804A0A /* Products */ = {
			isa = PBXGroup;
			children = (
				733F641E2599B61F00804A0A /* Friendly.app */,
			);
			name = Products;
			sourceTree = "<group>";
		};
		733F64202599B61F00804A0A /* Friendly */ = {
			isa = PBXGroup;
			children = (
				73209BA92599FB3400149CCC /* App */,
				73953C32259B0AD600850DB1 /* NewContactController.swift */,
				7385AEBD259B38A6002E4413 /* RemoteImageView.swift */,
				73953C29259AFD5700850DB1 /* Firebase */,
				73216ED9259AF549009F59F9 /* User Auth */,
				73209BAB2599FB4000149CCC /* Master-Detail */,
				73209BA82599FB1A00149CCC /* Extensions */,
				733F642A2599B62200804A0A /* Assets.xcassets */,
				733F642C2599B62200804A0A /* LaunchScreen.storyboard */,
				73209BAD2599FDC400149CCC /* GoogleService-Info.plist */,
				733F642F2599B62200804A0A /* Info.plist */,
				73953C3C259B172D00850DB1 /* Models */,
			);
			path = Friendly;
			sourceTree = "<group>";
		};
		73953C29259AFD5700850DB1 /* Firebase */ = {
			isa = PBXGroup;
			children = (
				73953C2F259AFE1900850DB1 /* MyFirebaseCredentials.swift */,
				73AC7382259B587F00F1E2DA /* Database+.swift */,
			);
			path = Firebase;
			sourceTree = "<group>";
		};
		73953C3C259B172D00850DB1 /* Models */ = {
			isa = PBXGroup;
			children = (
				73953C39259B172700850DB1 /* Contact.swift */,
			);
			path = Models;
			sourceTree = "<group>";
		};
		9D224A669585129490341BFF /* Frameworks */ = {
			isa = PBXGroup;
			children = (
				AE218DA14172391AEDB0DCED /* Pods_Friendly.framework */,
			);
			name = Frameworks;
			sourceTree = "<group>";
		};
		DE97D32AFBEB239B8081FF75 /* Pods */ = {
			isa = PBXGroup;
			children = (
				9005BE5F0A0460F092CA9B82 /* Pods-Friendly.debug.xcconfig */,
				D91ED8A95421C671D2248B35 /* Pods-Friendly.release.xcconfig */,
			);
			path = Pods;
			sourceTree = "<group>";
		};
/* End PBXGroup section */

/* Begin PBXNativeTarget section */
		733F641D2599B61F00804A0A /* Friendly */ = {
			isa = PBXNativeTarget;
			buildConfigurationList = 733F64322599B62200804A0A /* Build configuration list for PBXNativeTarget "Friendly" */;
			buildPhases = (
				B0C768FF2C8B1A76789CCAE4 /* [CP] Check Pods Manifest.lock */,
				733F641A2599B61F00804A0A /* Sources */,
				733F641B2599B61F00804A0A /* Frameworks */,
				733F641C2599B61F00804A0A /* Resources */,
				B7DB7A74286E50C01119F75D /* [CP] Embed Pods Frameworks */,
			);
			buildRules = (
			);
			dependencies = (
			);
			name = Friendly;
			productName = Friendly;
			productReference = 733F641E2599B61F00804A0A /* Friendly.app */;
			productType = "com.apple.product-type.application";
		};
/* End PBXNativeTarget section */

/* Begin PBXProject section */
		733F64162599B61F00804A0A /* Project object */ = {
			isa = PBXProject;
			attributes = {
				LastSwiftUpdateCheck = 1230;
				LastUpgradeCheck = 1230;
				TargetAttributes = {
					733F641D2599B61F00804A0A = {
						CreatedOnToolsVersion = 12.3;
					};
				};
			};
			buildConfigurationList = 733F64192599B61F00804A0A /* Build configuration list for PBXProject "Friendly" */;
			compatibilityVersion = "Xcode 9.3";
			developmentRegion = en;
			hasScannedForEncodings = 0;
			knownRegions = (
				en,
				Base,
			);
			mainGroup = 733F64152599B61F00804A0A;
			productRefGroup = 733F641F2599B61F00804A0A /* Products */;
			projectDirPath = "";
			projectRoot = "";
			targets = (
				733F641D2599B61F00804A0A /* Friendly */,
			);
		};
/* End PBXProject section */

/* Begin PBXResourcesBuildPhase section */
		733F641C2599B61F00804A0A /* Resources */ = {
			isa = PBXResourcesBuildPhase;
			buildActionMask = 2147483647;
			files = (
				733F642E2599B62200804A0A /* LaunchScreen.storyboard in Resources */,
				733F642B2599B62200804A0A /* Assets.xcassets in Resources */,
				73209BAE2599FDC500149CCC /* GoogleService-Info.plist in Resources */,
			);
			runOnlyForDeploymentPostprocessing = 0;
		};
/* End PBXResourcesBuildPhase section */

/* Begin PBXShellScriptBuildPhase section */
		B0C768FF2C8B1A76789CCAE4 /* [CP] Check Pods Manifest.lock */ = {
			isa = PBXShellScriptBuildPhase;
			buildActionMask = 2147483647;
			files = (
			);
			inputFileListPaths = (
			);
			inputPaths = (
				"${PODS_PODFILE_DIR_PATH}/Podfile.lock",
				"${PODS_ROOT}/Manifest.lock",
			);
			name = "[CP] Check Pods Manifest.lock";
			outputFileListPaths = (
			);
			outputPaths = (
				"$(DERIVED_FILE_DIR)/Pods-Friendly-checkManifestLockResult.txt",
			);
			runOnlyForDeploymentPostprocessing = 0;
			shellPath = /bin/sh;
			shellScript = "diff \"${PODS_PODFILE_DIR_PATH}/Podfile.lock\" \"${PODS_ROOT}/Manifest.lock\" > /dev/null\nif [ $? != 0 ] ; then\n    # print error to STDERR\n    echo \"error: The sandbox is not in sync with the Podfile.lock. Run 'pod install' or update your CocoaPods installation.\" >&2\n    exit 1\nfi\n# This output is used by Xcode 'outputs' to avoid re-running this script phase.\necho \"SUCCESS\" > \"${SCRIPT_OUTPUT_FILE_0}\"\n";
			showEnvVarsInLog = 0;
		};
		B7DB7A74286E50C01119F75D /* [CP] Embed Pods Frameworks */ = {
			isa = PBXShellScriptBuildPhase;
			buildActionMask = 2147483647;
			files = (
			);
			inputFileListPaths = (
				"${PODS_ROOT}/Target Support Files/Pods-Friendly/Pods-Friendly-frameworks-${CONFIGURATION}-input-files.xcfilelist",
			);
			name = "[CP] Embed Pods Frameworks";
			outputFileListPaths = (
				"${PODS_ROOT}/Target Support Files/Pods-Friendly/Pods-Friendly-frameworks-${CONFIGURATION}-output-files.xcfilelist",
			);
			runOnlyForDeploymentPostprocessing = 0;
			shellPath = /bin/sh;
			shellScript = "\"${PODS_ROOT}/Target Support Files/Pods-Friendly/Pods-Friendly-frameworks.sh\"\n";
			showEnvVarsInLog = 0;
		};
/* End PBXShellScriptBuildPhase section */

/* Begin PBXSourcesBuildPhase section */
		733F641A2599B61F00804A0A /* Sources */ = {
			isa = PBXSourcesBuildPhase;
			buildActionMask = 2147483647;
			files = (
				73953C3A259B172700850DB1 /* Contact.swift in Sources */,
				733F64222599B61F00804A0A /* AppDelegate.swift in Sources */,
				733F64412599BB7400804A0A /* MasterViewController.swift in Sources */,
				7385AEBB259B2F18002E4413 /* ContactCell.swift in Sources */,
				733F64242599B61F00804A0A /* SceneDelegate.swift in Sources */,
				73209BA22599F07A00149CCC /* SignupController.swift in Sources */,
				7385AEBE259B38A6002E4413 /* RemoteImageView.swift in Sources */,
				733F643A2599B99600804A0A /* DetailViewController.swift in Sources */,
				73953C30259AFE1900850DB1 /* MyFirebaseCredentials.swift in Sources */,
				73216ED7259AF544009F59F9 /* LoginController.swift in Sources */,
				733F643D2599B9CD00804A0A /* UIView+.swift in Sources */,
				73953C37259B143300850DB1 /* UIViewController+.swift in Sources */,
				73209BA62599F22B00149CCC /* UIColor+.swift in Sources */,
				73AC7383259B587F00F1E2DA /* Database+.swift in Sources */,
				73953C33259B0AD600850DB1 /* NewContactController.swift in Sources */,
			);
			runOnlyForDeploymentPostprocessing = 0;
		};
/* End PBXSourcesBuildPhase section */

/* Begin PBXVariantGroup section */
		733F642C2599B62200804A0A /* LaunchScreen.storyboard */ = {
			isa = PBXVariantGroup;
			children = (
				733F642D2599B62200804A0A /* Base */,
			);
			name = LaunchScreen.storyboard;
			sourceTree = "<group>";
		};
/* End PBXVariantGroup section */

/* Begin XCBuildConfiguration section */
		733F64302599B62200804A0A /* Debug */ = {
			isa = XCBuildConfiguration;
			buildSettings = {
				ALWAYS_SEARCH_USER_PATHS = NO;
				CLANG_ANALYZER_NONNULL = YES;
				CLANG_ANALYZER_NUMBER_OBJECT_CONVERSION = YES_AGGRESSIVE;
				CLANG_CXX_LANGUAGE_STANDARD = "gnu++14";
				CLANG_CXX_LIBRARY = "libc++";
				CLANG_ENABLE_MODULES = YES;
				CLANG_ENABLE_OBJC_ARC = YES;
				CLANG_ENABLE_OBJC_WEAK = YES;
				CLANG_WARN_BLOCK_CAPTURE_AUTORELEASING = YES;
				CLANG_WARN_BOOL_CONVERSION = YES;
				CLANG_WARN_COMMA = YES;
				CLANG_WARN_CONSTANT_CONVERSION = YES;
				CLANG_WARN_DEPRECATED_OBJC_IMPLEMENTATIONS = YES;
				CLANG_WARN_DIRECT_OBJC_ISA_USAGE = YES_ERROR;
				CLANG_WARN_DOCUMENTATION_COMMENTS = YES;
				CLANG_WARN_EMPTY_BODY = YES;
				CLANG_WARN_ENUM_CONVERSION = YES;
				CLANG_WARN_INFINITE_RECURSION = YES;
				CLANG_WARN_INT_CONVERSION = YES;
				CLANG_WARN_NON_LITERAL_NULL_CONVERSION = YES;
				CLANG_WARN_OBJC_IMPLICIT_RETAIN_SELF = YES;
				CLANG_WARN_OBJC_LITERAL_CONVERSION = YES;
				CLANG_WARN_OBJC_ROOT_CLASS = YES_ERROR;
				CLANG_WARN_QUOTED_INCLUDE_IN_FRAMEWORK_HEADER = YES;
				CLANG_WARN_RANGE_LOOP_ANALYSIS = YES;
				CLANG_WARN_STRICT_PROTOTYPES = YES;
				CLANG_WARN_SUSPICIOUS_MOVE = YES;
				CLANG_WARN_UNGUARDED_AVAILABILITY = YES_AGGRESSIVE;
				CLANG_WARN_UNREACHABLE_CODE = YES;
				CLANG_WARN__DUPLICATE_METHOD_MATCH = YES;
				COPY_PHASE_STRIP = NO;
				DEBUG_INFORMATION_FORMAT = dwarf;
				ENABLE_STRICT_OBJC_MSGSEND = YES;
				ENABLE_TESTABILITY = YES;
				GCC_C_LANGUAGE_STANDARD = gnu11;
				GCC_DYNAMIC_NO_PIC = NO;
				GCC_NO_COMMON_BLOCKS = YES;
				GCC_OPTIMIZATION_LEVEL = 0;
				GCC_PREPROCESSOR_DEFINITIONS = (
					"DEBUG=1",
					"$(inherited)",
				);
				GCC_WARN_64_TO_32_BIT_CONVERSION = YES;
				GCC_WARN_ABOUT_RETURN_TYPE = YES_ERROR;
				GCC_WARN_UNDECLARED_SELECTOR = YES;
				GCC_WARN_UNINITIALIZED_AUTOS = YES_AGGRESSIVE;
				GCC_WARN_UNUSED_FUNCTION = YES;
				GCC_WARN_UNUSED_VARIABLE = YES;
				IPHONEOS_DEPLOYMENT_TARGET = 14.3;
				MTL_ENABLE_DEBUG_INFO = INCLUDE_SOURCE;
				MTL_FAST_MATH = YES;
				ONLY_ACTIVE_ARCH = YES;
				SDKROOT = iphoneos;
				SWIFT_ACTIVE_COMPILATION_CONDITIONS = DEBUG;
				SWIFT_OPTIMIZATION_LEVEL = "-Onone";
			};
			name = Debug;
		};
		733F64312599B62200804A0A /* Release */ = {
			isa = XCBuildConfiguration;
			buildSettings = {
				ALWAYS_SEARCH_USER_PATHS = NO;
				CLANG_ANALYZER_NONNULL = YES;
				CLANG_ANALYZER_NUMBER_OBJECT_CONVERSION = YES_AGGRESSIVE;
				CLANG_CXX_LANGUAGE_STANDARD = "gnu++14";
				CLANG_CXX_LIBRARY = "libc++";
				CLANG_ENABLE_MODULES = YES;
				CLANG_ENABLE_OBJC_ARC = YES;
				CLANG_ENABLE_OBJC_WEAK = YES;
				CLANG_WARN_BLOCK_CAPTURE_AUTORELEASING = YES;
				CLANG_WARN_BOOL_CONVERSION = YES;
				CLANG_WARN_COMMA = YES;
				CLANG_WARN_CONSTANT_CONVERSION = YES;
				CLANG_WARN_DEPRECATED_OBJC_IMPLEMENTATIONS = YES;
				CLANG_WARN_DIRECT_OBJC_ISA_USAGE = YES_ERROR;
				CLANG_WARN_DOCUMENTATION_COMMENTS = YES;
				CLANG_WARN_EMPTY_BODY = YES;
				CLANG_WARN_ENUM_CONVERSION = YES;
				CLANG_WARN_INFINITE_RECURSION = YES;
				CLANG_WARN_INT_CONVERSION = YES;
				CLANG_WARN_NON_LITERAL_NULL_CONVERSION = YES;
				CLANG_WARN_OBJC_IMPLICIT_RETAIN_SELF = YES;
				CLANG_WARN_OBJC_LITERAL_CONVERSION = YES;
				CLANG_WARN_OBJC_ROOT_CLASS = YES_ERROR;
				CLANG_WARN_QUOTED_INCLUDE_IN_FRAMEWORK_HEADER = YES;
				CLANG_WARN_RANGE_LOOP_ANALYSIS = YES;
				CLANG_WARN_STRICT_PROTOTYPES = YES;
				CLANG_WARN_SUSPICIOUS_MOVE = YES;
				CLANG_WARN_UNGUARDED_AVAILABILITY = YES_AGGRESSIVE;
				CLANG_WARN_UNREACHABLE_CODE = YES;
				CLANG_WARN__DUPLICATE_METHOD_MATCH = YES;
				COPY_PHASE_STRIP = NO;
				DEBUG_INFORMATION_FORMAT = "dwarf-with-dsym";
				ENABLE_NS_ASSERTIONS = NO;
				ENABLE_STRICT_OBJC_MSGSEND = YES;
				GCC_C_LANGUAGE_STANDARD = gnu11;
				GCC_NO_COMMON_BLOCKS = YES;
				GCC_WARN_64_TO_32_BIT_CONVERSION = YES;
				GCC_WARN_ABOUT_RETURN_TYPE = YES_ERROR;
				GCC_WARN_UNDECLARED_SELECTOR = YES;
				GCC_WARN_UNINITIALIZED_AUTOS = YES_AGGRESSIVE;
				GCC_WARN_UNUSED_FUNCTION = YES;
				GCC_WARN_UNUSED_VARIABLE = YES;
				IPHONEOS_DEPLOYMENT_TARGET = 14.3;
				MTL_ENABLE_DEBUG_INFO = NO;
				MTL_FAST_MATH = YES;
				SDKROOT = iphoneos;
				SWIFT_COMPILATION_MODE = wholemodule;
				SWIFT_OPTIMIZATION_LEVEL = "-O";
				VALIDATE_PRODUCT = YES;
			};
			name = Release;
		};
		733F64332599B62200804A0A /* Debug */ = {
			isa = XCBuildConfiguration;
			baseConfigurationReference = 9005BE5F0A0460F092CA9B82 /* Pods-Friendly.debug.xcconfig */;
			buildSettings = {
				ASSETCATALOG_COMPILER_APPICON_NAME = AppIcon;
				ASSETCATALOG_COMPILER_GLOBAL_ACCENT_COLOR_NAME = AccentColor;
				CODE_SIGN_STYLE = Automatic;
				DEVELOPMENT_TEAM = LBC5DS5WB6;
				INFOPLIST_FILE = Friendly/Info.plist;
				LD_RUNPATH_SEARCH_PATHS = (
					"$(inherited)",
					"@executable_path/Frameworks",
				);
				PRODUCT_BUNDLE_IDENTIFIER = com.genebogdanovich.Friendly;
				PRODUCT_NAME = "$(TARGET_NAME)";
				SWIFT_VERSION = 5.0;
				TARGETED_DEVICE_FAMILY = "1,2";
			};
			name = Debug;
		};
		733F64342599B62200804A0A /* Release */ = {
			isa = XCBuildConfiguration;
			baseConfigurationReference = D91ED8A95421C671D2248B35 /* Pods-Friendly.release.xcconfig */;
			buildSettings = {
				ASSETCATALOG_COMPILER_APPICON_NAME = AppIcon;
				ASSETCATALOG_COMPILER_GLOBAL_ACCENT_COLOR_NAME = AccentColor;
				CODE_SIGN_STYLE = Automatic;
				DEVELOPMENT_TEAM = LBC5DS5WB6;
				INFOPLIST_FILE = Friendly/Info.plist;
				LD_RUNPATH_SEARCH_PATHS = (
					"$(inherited)",
					"@executable_path/Frameworks",
				);
				PRODUCT_BUNDLE_IDENTIFIER = com.genebogdanovich.Friendly;
				PRODUCT_NAME = "$(TARGET_NAME)";
				SWIFT_VERSION = 5.0;
				TARGETED_DEVICE_FAMILY = "1,2";
			};
			name = Release;
		};
/* End XCBuildConfiguration section */

/* Begin XCConfigurationList section */
		733F64192599B61F00804A0A /* Build configuration list for PBXProject "Friendly" */ = {
			isa = XCConfigurationList;
			buildConfigurations = (
				733F64302599B62200804A0A /* Debug */,
				733F64312599B62200804A0A /* Release */,
			);
			defaultConfigurationIsVisible = 0;
			defaultConfigurationName = Release;
		};
		733F64322599B62200804A0A /* Build configuration list for PBXNativeTarget "Friendly" */ = {
			isa = XCConfigurationList;
			buildConfigurations = (
				733F64332599B62200804A0A /* Debug */,
				733F64342599B62200804A0A /* Release */,
			);
			defaultConfigurationIsVisible = 0;
			defaultConfigurationName = Release;
		};
/* End XCConfigurationList section */
	};
	rootObject = 733F64162599B61F00804A0A /* Project object */;
}
